// !$*UTF8*$!
{
	archiveVersion = 1;
	classes = {
	};
	objectVersion = 55;
	objects = {

/* Begin PBXBuildFile section */
		CE3196C22746647100D80BD5 /* AppDelegate.swift in Sources */ = {isa = PBXBuildFile; fileRef = CE3196C12746647100D80BD5 /* AppDelegate.swift */; };
		CE3196C42746647100D80BD5 /* SceneDelegate.swift in Sources */ = {isa = PBXBuildFile; fileRef = CE3196C32746647100D80BD5 /* SceneDelegate.swift */; };
		CE3196C62746647100D80BD5 /* ViewController.swift in Sources */ = {isa = PBXBuildFile; fileRef = CE3196C52746647100D80BD5 /* ViewController.swift */; };
		CE3196C92746647100D80BD5 /* Main.storyboard in Resources */ = {isa = PBXBuildFile; fileRef = CE3196C72746647100D80BD5 /* Main.storyboard */; };
		CE3196CB2746647200D80BD5 /* Assets.xcassets in Resources */ = {isa = PBXBuildFile; fileRef = CE3196CA2746647200D80BD5 /* Assets.xcassets */; };
		CE3196CE2746647200D80BD5 /* LaunchScreen.storyboard in Resources */ = {isa = PBXBuildFile; fileRef = CE3196CC2746647200D80BD5 /* LaunchScreen.storyboard */; };
		CE3196D92746647300D80BD5 /* learnGitHubTests.swift in Sources */ = {isa = PBXBuildFile; fileRef = CE3196D82746647300D80BD5 /* learnGitHubTests.swift */; };
		CE3196E32746647300D80BD5 /* learnGitHubUITests.swift in Sources */ = {isa = PBXBuildFile; fileRef = CE3196E22746647300D80BD5 /* learnGitHubUITests.swift */; };
		CE3196E52746647300D80BD5 /* learnGitHubUITestsLaunchTests.swift in Sources */ = {isa = PBXBuildFile; fileRef = CE3196E42746647300D80BD5 /* learnGitHubUITestsLaunchTests.swift */; };
/* End PBXBuildFile section */

/* Begin PBXContainerItemProxy section */
		CE3196D52746647300D80BD5 /* PBXContainerItemProxy */ = {
			isa = PBXContainerItemProxy;
			containerPortal = CE3196B62746647100D80BD5 /* Project object */;
			proxyType = 1;
			remoteGlobalIDString = CE3196BD2746647100D80BD5;
			remoteInfo = learnGitHub;
		};
		CE3196DF2746647300D80BD5 /* PBXContainerItemProxy */ = {
			isa = PBXContainerItemProxy;
			containerPortal = CE3196B62746647100D80BD5 /* Project object */;
			proxyType = 1;
			remoteGlobalIDString = CE3196BD2746647100D80BD5;
			remoteInfo = learnGitHub;
		};
/* End PBXContainerItemProxy section */

/* Begin PBXFileReference section */
		CE3196BE2746647100D80BD5 /* learnGitHub.app */ = {isa = PBXFileReference; explicitFileType = wrapper.application; includeInIndex = 0; path = learnGitHub.app; sourceTree = BUILT_PRODUCTS_DIR; };
		CE3196C12746647100D80BD5 /* AppDelegate.swift */ = {isa = PBXFileReference; lastKnownFileType = sourcecode.swift; path = AppDelegate.swift; sourceTree = "<group>"; };
		CE3196C32746647100D80BD5 /* SceneDelegate.swift */ = {isa = PBXFileReference; lastKnownFileType = sourcecode.swift; path = SceneDelegate.swift; sourceTree = "<group>"; };
		CE3196C52746647100D80BD5 /* ViewController.swift */ = {isa = PBXFileReference; lastKnownFileType = sourcecode.swift; path = ViewController.swift; sourceTree = "<group>"; };
		CE3196C82746647100D80BD5 /* Base */ = {isa = PBXFileReference; lastKnownFileType = file.storyboard; name = Base; path = Base.lproj/Main.storyboard; sourceTree = "<group>"; };
		CE3196CA2746647200D80BD5 /* Assets.xcassets */ = {isa = PBXFileReference; lastKnownFileType = folder.assetcatalog; path = Assets.xcassets; sourceTree = "<group>"; };
		CE3196CD2746647200D80BD5 /* Base */ = {isa = PBXFileReference; lastKnownFileType = file.storyboard; name = Base; path = Base.lproj/LaunchScreen.storyboard; sourceTree = "<group>"; };
		CE3196CF2746647200D80BD5 /* Info.plist */ = {isa = PBXFileReference; lastKnownFileType = text.plist.xml; path = Info.plist; sourceTree = "<group>"; };
		CE3196D42746647300D80BD5 /* learnGitHubTests.xctest */ = {isa = PBXFileReference; explicitFileType = wrapper.cfbundle; includeInIndex = 0; path = learnGitHubTests.xctest; sourceTree = BUILT_PRODUCTS_DIR; };
		CE3196D82746647300D80BD5 /* learnGitHubTests.swift */ = {isa = PBXFileReference; lastKnownFileType = sourcecode.swift; path = learnGitHubTests.swift; sourceTree = "<group>"; };
		CE3196DE2746647300D80BD5 /* learnGitHubUITests.xctest */ = {isa = PBXFileReference; explicitFileType = wrapper.cfbundle; includeInIndex = 0; path = learnGitHubUITests.xctest; sourceTree = BUILT_PRODUCTS_DIR; };
		CE3196E22746647300D80BD5 /* learnGitHubUITests.swift */ = {isa = PBXFileReference; lastKnownFileType = sourcecode.swift; path = learnGitHubUITests.swift; sourceTree = "<group>"; };
		CE3196E42746647300D80BD5 /* learnGitHubUITestsLaunchTests.swift */ = {isa = PBXFileReference; lastKnownFileType = sourcecode.swift; path = learnGitHubUITestsLaunchTests.swift; sourceTree = "<group>"; };
/* End PBXFileReference section */

/* Begin PBXFrameworksBuildPhase section */
		CE3196BB2746647100D80BD5 /* Frameworks */ = {
			isa = PBXFrameworksBuildPhase;
			buildActionMask = 2147483647;
			files = (
			);
			runOnlyForDeploymentPostprocessing = 0;
		};
		CE3196D12746647300D80BD5 /* Frameworks */ = {
			isa = PBXFrameworksBuildPhase;
			buildActionMask = 2147483647;
			files = (
			);
			runOnlyForDeploymentPostprocessing = 0;
		};
		CE3196DB2746647300D80BD5 /* Frameworks */ = {
			isa = PBXFrameworksBuildPhase;
			buildActionMask = 2147483647;
			files = (
			);
			runOnlyForDeploymentPostprocessing = 0;
		};
/* End PBXFrameworksBuildPhase section */

/* Begin PBXGroup section */
		CE3196B52746647100D80BD5 = {
			isa = PBXGroup;
			children = (
				CE3196C02746647100D80BD5 /* learnGitHub */,
				CE3196D72746647300D80BD5 /* learnGitHubTests */,
				CE3196E12746647300D80BD5 /* learnGitHubUITests */,
				CE3196BF2746647100D80BD5 /* Products */,
			);
			sourceTree = "<group>";
		};
		CE3196BF2746647100D80BD5 /* Products */ = {
			isa = PBXGroup;
			children = (
				CE3196BE2746647100D80BD5 /* learnGitHub.app */,
				CE3196D42746647300D80BD5 /* learnGitHubTests.xctest */,
				CE3196DE2746647300D80BD5 /* learnGitHubUITests.xctest */,
			);
			name = Products;
			sourceTree = "<group>";
		};
		CE3196C02746647100D80BD5 /* learnGitHub */ = {
			isa = PBXGroup;
			children = (
				CE3196C12746647100D80BD5 /* AppDelegate.swift */,
				CE3196C32746647100D80BD5 /* SceneDelegate.swift */,
				CE3196C52746647100D80BD5 /* ViewController.swift */,
				CE3196C72746647100D80BD5 /* Main.storyboard */,
				CE3196CA2746647200D80BD5 /* Assets.xcassets */,
				CE3196CC2746647200D80BD5 /* LaunchScreen.storyboard */,
				CE3196CF2746647200D80BD5 /* Info.plist */,
			);
			path = learnGitHub;
			sourceTree = "<group>";
		};
		CE3196D72746647300D80BD5 /* learnGitHubTests */ = {
			isa = PBXGroup;
			children = (
				CE3196D82746647300D80BD5 /* learnGitHubTests.swift */,
			);
			path = learnGitHubTests;
			sourceTree = "<group>";
		};
		CE3196E12746647300D80BD5 /* learnGitHubUITests */ = {
			isa = PBXGroup;
			children = (
				CE3196E22746647300D80BD5 /* learnGitHubUITests.swift */,
				CE3196E42746647300D80BD5 /* learnGitHubUITestsLaunchTests.swift */,
			);
			path = learnGitHubUITests;
			sourceTree = "<group>";
		};
/* End PBXGroup section */

/* Begin PBXNativeTarget section */
		CE3196BD2746647100D80BD5 /* learnGitHub */ = {
			isa = PBXNativeTarget;
			buildConfigurationList = CE3196E82746647300D80BD5 /* Build configuration list for PBXNativeTarget "learnGitHub" */;
			buildPhases = (
				CE3196BA2746647100D80BD5 /* Sources */,
				CE3196BB2746647100D80BD5 /* Frameworks */,
				CE3196BC2746647100D80BD5 /* Resources */,
			);
			buildRules = (
			);
			dependencies = (
			);
			name = learnGitHub;
			productName = learnGitHub;
			productReference = CE3196BE2746647100D80BD5 /* learnGitHub.app */;
			productType = "com.apple.product-type.application";
		};
		CE3196D32746647300D80BD5 /* learnGitHubTests */ = {
			isa = PBXNativeTarget;
			buildConfigurationList = CE3196EB2746647300D80BD5 /* Build configuration list for PBXNativeTarget "learnGitHubTests" */;
			buildPhases = (
				CE3196D02746647300D80BD5 /* Sources */,
				CE3196D12746647300D80BD5 /* Frameworks */,
				CE3196D22746647300D80BD5 /* Resources */,
			);
			buildRules = (
			);
			dependencies = (
				CE3196D62746647300D80BD5 /* PBXTargetDependency */,
			);
			name = learnGitHubTests;
			productName = learnGitHubTests;
			productReference = CE3196D42746647300D80BD5 /* learnGitHubTests.xctest */;
			productType = "com.apple.product-type.bundle.unit-test";
		};
		CE3196DD2746647300D80BD5 /* learnGitHubUITests */ = {
			isa = PBXNativeTarget;
			buildConfigurationList = CE3196EE2746647300D80BD5 /* Build configuration list for PBXNativeTarget "learnGitHubUITests" */;
			buildPhases = (
				CE3196DA2746647300D80BD5 /* Sources */,
				CE3196DB2746647300D80BD5 /* Frameworks */,
				CE3196DC2746647300D80BD5 /* Resources */,
			);
			buildRules = (
			);
			dependencies = (
				CE3196E02746647300D80BD5 /* PBXTargetDependency */,
			);
			name = learnGitHubUITests;
			productName = learnGitHubUITests;
			productReference = CE3196DE2746647300D80BD5 /* learnGitHubUITests.xctest */;
			productType = "com.apple.product-type.bundle.ui-testing";
		};
/* End PBXNativeTarget section */

/* Begin PBXProject section */
		CE3196B62746647100D80BD5 /* Project object */ = {
			isa = PBXProject;
			attributes = {
				BuildIndependentTargetsInParallel = 1;
				LastSwiftUpdateCheck = 1300;
				LastUpgradeCheck = 1300;
				TargetAttributes = {
					CE3196BD2746647100D80BD5 = {
						CreatedOnToolsVersion = 13.0;
					};
					CE3196D32746647300D80BD5 = {
						CreatedOnToolsVersion = 13.0;
						TestTargetID = CE3196BD2746647100D80BD5;
					};
					CE3196DD2746647300D80BD5 = {
						CreatedOnToolsVersion = 13.0;
						TestTargetID = CE3196BD2746647100D80BD5;
					};
				};
			};
			buildConfigurationList = CE3196B92746647100D80BD5 /* Build configuration list for PBXProject "learnGitHub" */;
			compatibilityVersion = "Xcode 13.0";
			developmentRegion = en;
			hasScannedForEncodings = 0;
			knownRegions = (
				en,
				Base,
			);
			mainGroup = CE3196B52746647100D80BD5;
			productRefGroup = CE3196BF2746647100D80BD5 /* Products */;
			projectDirPath = "";
			projectRoot = "";
			targets = (
				CE3196BD2746647100D80BD5 /* learnGitHub */,
				CE3196D32746647300D80BD5 /* learnGitHubTests */,
				CE3196DD2746647300D80BD5 /* learnGitHubUITests */,
			);
		};
/* End PBXProject section */

/* Begin PBXResourcesBuildPhase section */
		CE3196BC2746647100D80BD5 /* Resources */ = {
			isa = PBXResourcesBuildPhase;
			buildActionMask = 2147483647;
			files = (
				CE3196CE2746647200D80BD5 /* LaunchScreen.storyboard in Resources */,
				CE3196CB2746647200D80BD5 /* Assets.xcassets in Resources */,
				CE3196C92746647100D80BD5 /* Main.storyboard in Resources */,
			);
			runOnlyForDeploymentPostprocessing = 0;
		};
		CE3196D22746647300D80BD5 /* Resources */ = {
			isa = PBXResourcesBuildPhase;
			buildActionMask = 2147483647;
			files = (
			);
			runOnlyForDeploymentPostprocessing = 0;
		};
		CE3196DC2746647300D80BD5 /* Resources */ = {
			isa = PBXResourcesBuildPhase;
			buildActionMask = 2147483647;
			files = (
			);
			runOnlyForDeploymentPostprocessing = 0;
		};
/* End PBXResourcesBuildPhase section */

/* Begin PBXSourcesBuildPhase section */
		CE3196BA2746647100D80BD5 /* Sources */ = {
			isa = PBXSourcesBuildPhase;
			buildActionMask = 2147483647;
			files = (
				CE3196C62746647100D80BD5 /* ViewController.swift in Sources */,
				CE3196C22746647100D80BD5 /* AppDelegate.swift in Sources */,
				CE3196C42746647100D80BD5 /* SceneDelegate.swift in Sources */,
			);
			runOnlyForDeploymentPostprocessing = 0;
		};
		CE3196D02746647300D80BD5 /* Sources */ = {
			isa = PBXSourcesBuildPhase;
			buildActionMask = 2147483647;
			files = (
				CE3196D92746647300D80BD5 /* learnGitHubTests.swift in Sources */,
			);
			runOnlyForDeploymentPostprocessing = 0;
		};
		CE3196DA2746647300D80BD5 /* Sources */ = {
			isa = PBXSourcesBuildPhase;
			buildActionMask = 2147483647;
			files = (
				CE3196E52746647300D80BD5 /* learnGitHubUITestsLaunchTests.swift in Sources */,
				CE3196E32746647300D80BD5 /* learnGitHubUITests.swift in Sources */,
			);
			runOnlyForDeploymentPostprocessing = 0;
		};
/* End PBXSourcesBuildPhase section */

/* Begin PBXTargetDependency section */
		CE3196D62746647300D80BD5 /* PBXTargetDependency */ = {
			isa = PBXTargetDependency;
			target = CE3196BD2746647100D80BD5 /* learnGitHub */;
			targetProxy = CE3196D52746647300D80BD5 /* PBXContainerItemProxy */;
		};
		CE3196E02746647300D80BD5 /* PBXTargetDependency */ = {
			isa = PBXTargetDependency;
			target = CE3196BD2746647100D80BD5 /* learnGitHub */;
			targetProxy = CE3196DF2746647300D80BD5 /* PBXContainerItemProxy */;
		};
/* End PBXTargetDependency section */

/* Begin PBXVariantGroup section */
		CE3196C72746647100D80BD5 /* Main.storyboard */ = {
			isa = PBXVariantGroup;
			children = (
				CE3196C82746647100D80BD5 /* Base */,
			);
			name = Main.storyboard;
			sourceTree = "<group>";
		};
		CE3196CC2746647200D80BD5 /* LaunchScreen.storyboard */ = {
			isa = PBXVariantGroup;
			children = (
				CE3196CD2746647200D80BD5 /* Base */,
			);
			name = LaunchScreen.storyboard;
			sourceTree = "<group>";
		};
/* End PBXVariantGroup section */

/* Begin XCBuildConfiguration section */
		CE3196E62746647300D80BD5 /* Debug */ = {
			isa = XCBuildConfiguration;
			buildSettings = {
				ALWAYS_SEARCH_USER_PATHS = NO;
				CLANG_ANALYZER_NONNULL = YES;
				CLANG_ANALYZER_NUMBER_OBJECT_CONVERSION = YES_AGGRESSIVE;
				CLANG_CXX_LANGUAGE_STANDARD = "gnu++17";
				CLANG_CXX_LIBRARY = "libc++";
				CLANG_ENABLE_MODULES = YES;
				CLANG_ENABLE_OBJC_ARC = YES;
				CLANG_ENABLE_OBJC_WEAK = YES;
				CLANG_WARN_BLOCK_CAPTURE_AUTORELEASING = YES;
				CLANG_WARN_BOOL_CONVERSION = YES;
				CLANG_WARN_COMMA = YES;
				CLANG_WARN_CONSTANT_CONVERSION = YES;
				CLANG_WARN_DEPRECATED_OBJC_IMPLEMENTATIONS = YES;
				CLANG_WARN_DIRECT_OBJC_ISA_USAGE = YES_ERROR;
				CLANG_WARN_DOCUMENTATION_COMMENTS = YES;
				CLANG_WARN_EMPTY_BODY = YES;
				CLANG_WARN_ENUM_CONVERSION = YES;
				CLANG_WARN_INFINITE_RECURSION = YES;
				CLANG_WARN_INT_CONVERSION = YES;
				CLANG_WARN_NON_LITERAL_NULL_CONVERSION = YES;
				CLANG_WARN_OBJC_IMPLICIT_RETAIN_SELF = YES;
				CLANG_WARN_OBJC_LITERAL_CONVERSION = YES;
				CLANG_WARN_OBJC_ROOT_CLASS = YES_ERROR;
				CLANG_WARN_QUOTED_INCLUDE_IN_FRAMEWORK_HEADER = YES;
				CLANG_WARN_RANGE_LOOP_ANALYSIS = YES;
				CLANG_WARN_STRICT_PROTOTYPES = YES;
				CLANG_WARN_SUSPICIOUS_MOVE = YES;
				CLANG_WARN_UNGUARDED_AVAILABILITY = YES_AGGRESSIVE;
				CLANG_WARN_UNREACHABLE_CODE = YES;
				CLANG_WARN__DUPLICATE_METHOD_MATCH = YES;
				COPY_PHASE_STRIP = NO;
				DEBUG_INFORMATION_FORMAT = dwarf;
				ENABLE_STRICT_OBJC_MSGSEND = YES;
				ENABLE_TESTABILITY = YES;
				GCC_C_LANGUAGE_STANDARD = gnu11;
				GCC_DYNAMIC_NO_PIC = NO;
				GCC_NO_COMMON_BLOCKS = YES;
				GCC_OPTIMIZATION_LEVEL = 0;
				GCC_PREPROCESSOR_DEFINITIONS = (
					"DEBUG=1",
					"$(inherited)",
				);
				GCC_WARN_64_TO_32_BIT_CONVERSION = YES;
				GCC_WARN_ABOUT_RETURN_TYPE = YES_ERROR;
				GCC_WARN_UNDECLARED_SELECTOR = YES;
				GCC_WARN_UNINITIALIZED_AUTOS = YES_AGGRESSIVE;
				GCC_WARN_UNUSED_FUNCTION = YES;
				GCC_WARN_UNUSED_VARIABLE = YES;
				IPHONEOS_DEPLOYMENT_TARGET = 15.0;
				MTL_ENABLE_DEBUG_INFO = INCLUDE_SOURCE;
				MTL_FAST_MATH = YES;
				ONLY_ACTIVE_ARCH = YES;
				SDKROOT = iphoneos;
				SWIFT_ACTIVE_COMPILATION_CONDITIONS = DEBUG;
				SWIFT_OPTIMIZATION_LEVEL = "-Onone";
			};
			name = Debug;
		};
		CE3196E72746647300D80BD5 /* Release */ = {
			isa = XCBuildConfiguration;
			buildSettings = {
				ALWAYS_SEARCH_USER_PATHS = NO;
				CLANG_ANALYZER_NONNULL = YES;
				CLANG_ANALYZER_NUMBER_OBJECT_CONVERSION = YES_AGGRESSIVE;
				CLANG_CXX_LANGUAGE_STANDARD = "gnu++17";
				CLANG_CXX_LIBRARY = "libc++";
				CLANG_ENABLE_MODULES = YES;
				CLANG_ENABLE_OBJC_ARC = YES;
				CLANG_ENABLE_OBJC_WEAK = YES;
				CLANG_WARN_BLOCK_CAPTURE_AUTORELEASING = YES;
				CLANG_WARN_BOOL_CONVERSION = YES;
				CLANG_WARN_COMMA = YES;
				CLANG_WARN_CONSTANT_CONVERSION = YES;
				CLANG_WARN_DEPRECATED_OBJC_IMPLEMENTATIONS = YES;
				CLANG_WARN_DIRECT_OBJC_ISA_USAGE = YES_ERROR;
				CLANG_WARN_DOCUMENTATION_COMMENTS = YES;
				CLANG_WARN_EMPTY_BODY = YES;
				CLANG_WARN_ENUM_CONVERSION = YES;
				CLANG_WARN_INFINITE_RECURSION = YES;
				CLANG_WARN_INT_CONVERSION = YES;
				CLANG_WARN_NON_LITERAL_NULL_CONVERSION = YES;
				CLANG_WARN_OBJC_IMPLICIT_RETAIN_SELF = YES;
				CLANG_WARN_OBJC_LITERAL_CONVERSION = YES;
				CLANG_WARN_OBJC_ROOT_CLASS = YES_ERROR;
				CLANG_WARN_QUOTED_INCLUDE_IN_FRAMEWORK_HEADER = YES;
				CLANG_WARN_RANGE_LOOP_ANALYSIS = YES;
				CLANG_WARN_STRICT_PROTOTYPES = YES;
				CLANG_WARN_SUSPICIOUS_MOVE = YES;
				CLANG_WARN_UNGUARDED_AVAILABILITY = YES_AGGRESSIVE;
				CLANG_WARN_UNREACHABLE_CODE = YES;
				CLANG_WARN__DUPLICATE_METHOD_MATCH = YES;
				COPY_PHASE_STRIP = NO;
				DEBUG_INFORMATION_FORMAT = "dwarf-with-dsym";
				ENABLE_NS_ASSERTIONS = NO;
				ENABLE_STRICT_OBJC_MSGSEND = YES;
				GCC_C_LANGUAGE_STANDARD = gnu11;
				GCC_NO_COMMON_BLOCKS = YES;
				GCC_WARN_64_TO_32_BIT_CONVERSION = YES;
				GCC_WARN_ABOUT_RETURN_TYPE = YES_ERROR;
				GCC_WARN_UNDECLARED_SELECTOR = YES;
				GCC_WARN_UNINITIALIZED_AUTOS = YES_AGGRESSIVE;
				GCC_WARN_UNUSED_FUNCTION = YES;
				GCC_WARN_UNUSED_VARIABLE = YES;
				IPHONEOS_DEPLOYMENT_TARGET = 15.0;
				MTL_ENABLE_DEBUG_INFO = NO;
				MTL_FAST_MATH = YES;
				SDKROOT = iphoneos;
				SWIFT_COMPILATION_MODE = wholemodule;
				SWIFT_OPTIMIZATION_LEVEL = "-O";
				VALIDATE_PRODUCT = YES;
			};
			name = Release;
		};
		CE3196E92746647300D80BD5 /* Debug */ = {
			isa = XCBuildConfiguration;
			buildSettings = {
				ASSETCATALOG_COMPILER_APPICON_NAME = AppIcon;
				ASSETCATALOG_COMPILER_GLOBAL_ACCENT_COLOR_NAME = AccentColor;
				CODE_SIGN_STYLE = Automatic;
				CURRENT_PROJECT_VERSION = 1;
				GENERATE_INFOPLIST_FILE = YES;
				INFOPLIST_FILE = learnGitHub/Info.plist;
				INFOPLIST_KEY_UIApplicationSupportsIndirectInputEvents = YES;
				INFOPLIST_KEY_UILaunchStoryboardName = LaunchScreen;
				INFOPLIST_KEY_UIMainStoryboardFile = Main;
				INFOPLIST_KEY_UISupportedInterfaceOrientations_iPad = "UIInterfaceOrientationPortrait UIInterfaceOrientationPortraitUpsideDown UIInterfaceOrientationLandscapeLeft UIInterfaceOrientationLandscapeRight";
				INFOPLIST_KEY_UISupportedInterfaceOrientations_iPhone = "UIInterfaceOrientationPortrait UIInterfaceOrientationLandscapeLeft UIInterfaceOrientationLandscapeRight";
				LD_RUNPATH_SEARCH_PATHS = (
					"$(inherited)",
					"@executable_path/Frameworks",
				);
				MARKETING_VERSION = 1.0;
				PRODUCT_BUNDLE_IDENTIFIER = com.Projecttest.learnGitHub;
				PRODUCT_NAME = "$(TARGET_NAME)";
				SWIFT_EMIT_LOC_STRINGS = YES;
				SWIFT_VERSION = 5.0;
				TARGETED_DEVICE_FAMILY = "1,2";
			};
			name = Debug;
		};
		CE3196EA2746647300D80BD5 /* Release */ = {
			isa = XCBuildConfiguration;
			buildSettings = {
				ASSETCATALOG_COMPILER_APPICON_NAME = AppIcon;
				ASSETCATALOG_COMPILER_GLOBAL_ACCENT_COLOR_NAME = AccentColor;
				CODE_SIGN_STYLE = Automatic;
				CURRENT_PROJECT_VERSION = 1;
				GENERATE_INFOPLIST_FILE = YES;
				INFOPLIST_FILE = learnGitHub/Info.plist;
				INFOPLIST_KEY_UIApplicationSupportsIndirectInputEvents = YES;
				INFOPLIST_KEY_UILaunchStoryboardName = LaunchScreen;
				INFOPLIST_KEY_UIMainStoryboardFile = Main;
				INFOPLIST_KEY_UISupportedInterfaceOrientations_iPad = "UIInterfaceOrientationPortrait UIInterfaceOrientationPortraitUpsideDown UIInterfaceOrientationLandscapeLeft UIInterfaceOrientationLandscapeRight";
				INFOPLIST_KEY_UISupportedInterfaceOrientations_iPhone = "UIInterfaceOrientationPortrait UIInterfaceOrientationLandscapeLeft UIInterfaceOrientationLandscapeRight";
				LD_RUNPATH_SEARCH_PATHS = (
					"$(inherited)",
					"@executable_path/Frameworks",
				);
				MARKETING_VERSION = 1.0;
				PRODUCT_BUNDLE_IDENTIFIER = com.Projecttest.learnGitHub;
				PRODUCT_NAME = "$(TARGET_NAME)";
				SWIFT_EMIT_LOC_STRINGS = YES;
				SWIFT_VERSION = 5.0;
				TARGETED_DEVICE_FAMILY = "1,2";
			};
			name = Release;
		};
		CE3196EC2746647300D80BD5 /* Debug */ = {
			isa = XCBuildConfiguration;
			buildSettings = {
				ALWAYS_EMBED_SWIFT_STANDARD_LIBRARIES = YES;
				BUNDLE_LOADER = "$(TEST_HOST)";
				CODE_SIGN_STYLE = Automatic;
				CURRENT_PROJECT_VERSION = 1;
				GENERATE_INFOPLIST_FILE = YES;
				IPHONEOS_DEPLOYMENT_TARGET = 15.0;
				LD_RUNPATH_SEARCH_PATHS = (
					"$(inherited)",
					"@executable_path/Frameworks",
					"@loader_path/Frameworks",
				);
				MARKETING_VERSION = 1.0;
				PRODUCT_BUNDLE_IDENTIFIER = com.Projecttest.learnGitHubTests;
				PRODUCT_NAME = "$(TARGET_NAME)";
				SWIFT_EMIT_LOC_STRINGS = NO;
				SWIFT_VERSION = 5.0;
				TARGETED_DEVICE_FAMILY = "1,2";
				TEST_HOST = "$(BUILT_PRODUCTS_DIR)/learnGitHub.app/learnGitHub";
			};
			name = Debug;
		};
		CE3196ED2746647300D80BD5 /* Release */ = {
			isa = XCBuildConfiguration;
			buildSettings = {
				ALWAYS_EMBED_SWIFT_STANDARD_LIBRARIES = YES;
				BUNDLE_LOADER = "$(TEST_HOST)";
				CODE_SIGN_STYLE = Automatic;
				CURRENT_PROJECT_VERSION = 1;
				GENERATE_INFOPLIST_FILE = YES;
				IPHONEOS_DEPLOYMENT_TARGET = 15.0;
				LD_RUNPATH_SEARCH_PATHS = (
					"$(inherited)",
					"@executable_path/Frameworks",
					"@loader_path/Frameworks",
				);
				MARKETING_VERSION = 1.0;
				PRODUCT_BUNDLE_IDENTIFIER = com.Projecttest.learnGitHubTests;
				PRODUCT_NAME = "$(TARGET_NAME)";
				SWIFT_EMIT_LOC_STRINGS = NO;
				SWIFT_VERSION = 5.0;
				TARGETED_DEVICE_FAMILY = "1,2";
				TEST_HOST = "$(BUILT_PRODUCTS_DIR)/learnGitHub.app/learnGitHub";
			};
			name = Release;
		};
		CE3196EF2746647300D80BD5 /* Debug */ = {
			isa = XCBuildConfiguration;
			buildSettings = {
				ALWAYS_EMBED_SWIFT_STANDARD_LIBRARIES = YES;
				CODE_SIGN_STYLE = Automatic;
				CURRENT_PROJECT_VERSION = 1;
				GENERATE_INFOPLIST_FILE = YES;
				LD_RUNPATH_SEARCH_PATHS = (
					"$(inherited)",
					"@executable_path/Frameworks",
					"@loader_path/Frameworks",
				);
				MARKETING_VERSION = 1.0;
				PRODUCT_BUNDLE_IDENTIFIER = com.Projecttest.learnGitHubUITests;
				PRODUCT_NAME = "$(TARGET_NAME)";
				SWIFT_EMIT_LOC_STRINGS = NO;
				SWIFT_VERSION = 5.0;
				TARGETED_DEVICE_FAMILY = "1,2";
				TEST_TARGET_NAME = learnGitHub;
			};
			name = Debug;
		};
		CE3196F02746647300D80BD5 /* Release */ = {
			isa = XCBuildConfiguration;
			buildSettings = {
				ALWAYS_EMBED_SWIFT_STANDARD_LIBRARIES = YES;
				CODE_SIGN_STYLE = Automatic;
				CURRENT_PROJECT_VERSION = 1;
				GENERATE_INFOPLIST_FILE = YES;
				LD_RUNPATH_SEARCH_PATHS = (
					"$(inherited)",
					"@executable_path/Frameworks",
					"@loader_path/Frameworks",
				);
				MARKETING_VERSION = 1.0;
				PRODUCT_BUNDLE_IDENTIFIER = com.Projecttest.learnGitHubUITests;
				PRODUCT_NAME = "$(TARGET_NAME)";
				SWIFT_EMIT_LOC_STRINGS = NO;
				SWIFT_VERSION = 5.0;
				TARGETED_DEVICE_FAMILY = "1,2";
				TEST_TARGET_NAME = learnGitHub;
			};
			name = Release;
		};
/* End XCBuildConfiguration section */

/* Begin XCConfigurationList section */
		CE3196B92746647100D80BD5 /* Build configuration list for PBXProject "learnGitHub" */ = {
			isa = XCConfigurationList;
			buildConfigurations = (
				CE3196E62746647300D80BD5 /* Debug */,
				CE3196E72746647300D80BD5 /* Release */,
			);
			defaultConfigurationIsVisible = 0;
			defaultConfigurationName = Release;
		};
		CE3196E82746647300D80BD5 /* Build configuration list for PBXNativeTarget "learnGitHub" */ = {
			isa = XCConfigurationList;
			buildConfigurations = (
				CE3196E92746647300D80BD5 /* Debug */,
				CE3196EA2746647300D80BD5 /* Release */,
			);
			defaultConfigurationIsVisible = 0;
			defaultConfigurationName = Release;
		};
		CE3196EB2746647300D80BD5 /* Build configuration list for PBXNativeTarget "learnGitHubTests" */ = {
			isa = XCConfigurationList;
			buildConfigurations = (
				CE3196EC2746647300D80BD5 /* Debug */,
				CE3196ED2746647300D80BD5 /* Release */,
			);
			defaultConfigurationIsVisible = 0;
			defaultConfigurationName = Release;
		};
		CE3196EE2746647300D80BD5 /* Build configuration list for PBXNativeTarget "learnGitHubUITests" */ = {
			isa = XCConfigurationList;
			buildConfigurations = (
				CE3196EF2746647300D80BD5 /* Debug */,
				CE3196F02746647300D80BD5 /* Release */,
			);
			defaultConfigurationIsVisible = 0;
			defaultConfigurationName = Release;
		};
/* End XCConfigurationList section */
	};
	rootObject = CE3196B62746647100D80BD5 /* Project object */;
}
